Microsoft Visual Studio Solution File, Format Version 12.00
# Visual Studio Version 17
VisualStudioVersion = 17.5.2.0
MinimumVisualStudioVersion = 10.0.40219.1
Project("{FAE04EC0-301F-11D3-BF4B-00C04F79EFBC}") = "Aula1_SintaxeIdentacao", "Aula1_SintaxeIdentacao\Aula1_SintaxeIdentacao.csproj", "{5E85EC4A-DA88-59EC-94FE-77D12BC164AA}"
EndProject
Global
	GlobalSection(SolutionConfigurationPlatforms) = preSolution
		Debug|Any CPU = Debug|Any CPU
		Release|Any CPU = Release|Any CPU
	EndGlobalSection
	GlobalSection(ProjectConfigurationPlatforms) = postSolution
		{5E85EC4A-DA88-59EC-94FE-77D12BC164AA}.Debug|Any CPU.ActiveCfg = Debug|Any CPU
		{5E85EC4A-DA88-59EC-94FE-77D12BC164AA}.Debug|Any CPU.Build.0 = Debug|Any CPU
		{5E85EC4A-DA88-59EC-94FE-77D12BC164AA}.Release|Any CPU.ActiveCfg = Release|Any CPU
		{5E85EC4A-DA88-59EC-94FE-77D12BC164AA}.Release|Any CPU.Build.0 = Release|Any CPU
	EndGlobalSection
	GlobalSection(SolutionProperties) = preSolution
		HideSolutionNode = FALSE
	EndGlobalSection
	GlobalSection(ExtensibilityGlobals) = postSolution
		SolutionGuid = {14087A0E-D6B0-4D94-B14D-757F101928E2}
	EndGlobalSection
EndGlobal
